
Microsoft Visual Studio Solution File, Format Version 12.00
# Visual Studio Version 16
VisualStudioVersion = 16.0.31129.286
MinimumVisualStudioVersion = 10.0.40219.1
Project("{9A19103F-16F7-4668-BE54-9A1E7A4F7556}") = "SmallHax.SfmlExtensions.Console", "SmallHax.SfmlExtensions.Console\SmallHax.SfmlExtensions.Console.csproj", "{66463D23-BDE5-4DFD-80AE-29F1A05793E2}"
EndProject
Project("{9A19103F-16F7-4668-BE54-9A1E7A4F7556}") = "SmallHax.SfmlExtensions.Console.Tests", "SmallHax.SfmlExtensions.Console.Tests\SmallHax.SfmlExtensions.Console.Tests.csproj", "{2C461D59-6F0B-4C06-9554-EE8AC1BA745C}"
EndProject
Project("{9A19103F-16F7-4668-BE54-9A1E7A4F7556}") = "SmallHax.SfmlExtensions.Console.Demo", "SmallHax.SfmlExtensions.Console.Demo\SmallHax.SfmlExtensions.Console.Demo.csproj", "{021908BF-1CD4-4BAC-BB1E-2B90660F5EA9}"
EndProject
Global
	GlobalSection(SolutionConfigurationPlatforms) = preSolution
		Debug|Any CPU = Debug|Any CPU
		Release|Any CPU = Release|Any CPU
	EndGlobalSection
	GlobalSection(ProjectConfigurationPlatforms) = postSolution
		{66463D23-BDE5-4DFD-80AE-29F1A05793E2}.Debug|Any CPU.ActiveCfg = Debug|Any CPU
		{66463D23-BDE5-4DFD-80AE-29F1A05793E2}.Debug|Any CPU.Build.0 = Debug|Any CPU
		{66463D23-BDE5-4DFD-80AE-29F1A05793E2}.Release|Any CPU.ActiveCfg = Release|Any CPU
		{66463D23-BDE5-4DFD-80AE-29F1A05793E2}.Release|Any CPU.Build.0 = Release|Any CPU
		{2C461D59-6F0B-4C06-9554-EE8AC1BA745C}.Debug|Any CPU.ActiveCfg = Debug|Any CPU
		{2C461D59-6F0B-4C06-9554-EE8AC1BA745C}.Debug|Any CPU.Build.0 = Debug|Any CPU
		{2C461D59-6F0B-4C06-9554-EE8AC1BA745C}.Release|Any CPU.ActiveCfg = Release|Any CPU
		{2C461D59-6F0B-4C06-9554-EE8AC1BA745C}.Release|Any CPU.Build.0 = Release|Any CPU
		{021908BF-1CD4-4BAC-BB1E-2B90660F5EA9}.Debug|Any CPU.ActiveCfg = Debug|Any CPU
		{021908BF-1CD4-4BAC-BB1E-2B90660F5EA9}.Debug|Any CPU.Build.0 = Debug|Any CPU
		{021908BF-1CD4-4BAC-BB1E-2B90660F5EA9}.Release|Any CPU.ActiveCfg = Release|Any CPU
		{021908BF-1CD4-4BAC-BB1E-2B90660F5EA9}.Release|Any CPU.Build.0 = Release|Any CPU
	EndGlobalSection
	GlobalSection(SolutionProperties) = preSolution
		HideSolutionNode = FALSE
	EndGlobalSection
	GlobalSection(ExtensibilityGlobals) = postSolution
		SolutionGuid = {9D6946B5-1DA9-42E8-A47D-929251A5B5AD}
	EndGlobalSection
EndGlobal
